
Microsoft Visual Studio Solution File, Format Version 12.00
# Visual Studio 15
VisualStudioVersion = 15.0.26430.14
MinimumVisualStudioVersion = 10.0.40219.1
Project("{FAE04EC0-301F-11D3-BF4B-00C04F79EFBC}") = "Listener", "Listener\Listener.csproj", "{21D3489A-F70A-4AF2-B2C1-4E1495AF8479}"
EndProject
Project("{FAE04EC0-301F-11D3-BF4B-00C04F79EFBC}") = "HttpAdapter", "HttpAdapter\HttpAdapter.csproj", "{1B98325F-00DC-4EC1-A6A4-592F58F88E7E}"
EndProject
Global
	GlobalSection(SolutionConfigurationPlatforms) = preSolution
		Debug|Any CPU = Debug|Any CPU
		Release|Any CPU = Release|Any CPU
	EndGlobalSection
	GlobalSection(ProjectConfigurationPlatforms) = postSolution
		{21D3489A-F70A-4AF2-B2C1-4E1495AF8479}.Debug|Any CPU.ActiveCfg = Debug|Any CPU
		{21D3489A-F70A-4AF2-B2C1-4E1495AF8479}.Debug|Any CPU.Build.0 = Debug|Any CPU
		{21D3489A-F70A-4AF2-B2C1-4E1495AF8479}.Release|Any CPU.ActiveCfg = Release|Any CPU
		{21D3489A-F70A-4AF2-B2C1-4E1495AF8479}.Release|Any CPU.Build.0 = Release|Any CPU
		{1B98325F-00DC-4EC1-A6A4-592F58F88E7E}.Debug|Any CPU.ActiveCfg = Debug|Any CPU
		{1B98325F-00DC-4EC1-A6A4-592F58F88E7E}.Debug|Any CPU.Build.0 = Debug|Any CPU
		{1B98325F-00DC-4EC1-A6A4-592F58F88E7E}.Release|Any CPU.ActiveCfg = Release|Any CPU
		{1B98325F-00DC-4EC1-A6A4-592F58F88E7E}.Release|Any CPU.Build.0 = Release|Any CPU
	EndGlobalSection
	GlobalSection(SolutionProperties) = preSolution
		HideSolutionNode = FALSE
	EndGlobalSection
EndGlobal
